# This file was autogenerated by uv via the following command:
#    uv export --frozen --only-group workload -o requirements-workload.lock
bidict==0.24.1 \
    --hash=sha256:4dca6c17f0b01700e9f24359daa5ebabf7be022d99f4cb2a257b6af2a5076c88 \
    --hash=sha256:fd3eaa737917d8a14f4baa391670c433c4e3f6f5fd2cd99d4bf436437f432364
    # via python-socketio
blinker==1.9.0 \
    --hash=sha256:b4ce2265a7abece45e7cc896e98dbebe6cead56bcf805a3d23136d145f5445bf \
    --hash=sha256:ba0efaa9080b619ff2f3459d1d500c57bddea4a6b424b60a91141db6fd2f08bc
    # via flask
brotli==1.2.0 \
    --hash=sha256:072e7624b1fc4d601036ab3f4f27942ef772887e876beff0301d261210bca97f \
    --hash=sha256:260d3692396e1895c5034f204f0db022c056f9e2ac841593a4cf9426e2a3faca \
    --hash=sha256:35d382625778834a7f3061b15423919aa03e4f5da34ac8e02c074e4b75ab4f84 \
    --hash=sha256:7a47ce5c2288702e09dc22a44d0ee6152f2c7eda97b3c8482d826a1f3cfc7da7 \
    --hash=sha256:7a61c06b334bd99bc5ae84f1eeb36bfe01400264b3c352f968c6e30a10f9d08b \
    --hash=sha256:acec55bb7c90f1dfc476126f9711a8e81c9af7fb617409a9ee2953115343f08d \
    --hash=sha256:adedc4a67e15327dfdd04884873c6d5a01d3e3b6f61406f99b1ed4865a2f6d28 \
    --hash=sha256:af43b8711a8264bb4e7d6d9a6d004c3a2019c04c01127a868709ec29962b6036 \
    --hash=sha256:b35c13ce241abdd44cb8ca70683f20c0c079728a36a996297adb5334adfc1c44 \
    --hash=sha256:e310f77e41941c13340a95976fe66a8a95b01e783d430eeaf7a2f87e0a57dd0a \
    --hash=sha256:e99befa0b48f3cd293dafeacdd0d191804d105d279e0b387a32054c1180f3161
    # via geventhttpclient
certifi==2026.7.22 \
    --hash=sha256:62f22742b58a1a33014a2b6b706588a8d7e2a88ae7bd1a6ebe8c992928483775 \
    --hash=sha256:741e2c3b351ddf169a738da9f2c048608ff7f2c5cc02f1ebc6b118bb090d5d55
    # via
    #   geventhttpclient
    #   requests
cffi==2.1.1 ; (implementation_name == 'pypy' and platform_python_implementation != 'CPython') or (implementation_name == 'pypy' and sys_platform != 'win32') or (platform_python_implementation == 'CPython' and sys_platform == 'win32') \
    --hash=sha256:046bfc24911b37851ee1b51aab8bffe713d89c68c6a057b09484ce9fd5f69b4e \
    --hash=sha256:208f941bb9d18e768138677f0a6d2ce01f590df56043dda1df1535ac57c88517 \
    --hash=sha256:210019b6c7cf07f081b4c54635c8cf744377001350e29cc0f81c4377b4797735 \
    --hash=sha256:3143d81e29e1e20a9ce10901ec369012947876596f75a222235965f2b7ae832e \
    --hash=sha256:4a7c934f7360e8cd64fe9efadcbd10c7c6364f531e432b9a4bf5ccbc9e0e8b50 \
    --hash=sha256:68e62fe11f30d5ca8289242866f0a5291402d8529ca2178ab8afc5c9694ae890 \
    --hash=sha256:7bde5e4cc5c10140859842b9d383af292b22639a4dffb725314baf45968cef80 \
    --hash=sha256:811bd1e21d32de12efca32393a0ab3f5133b54fce9bd44b8bd77ab07da14bf6a \
    --hash=sha256:c1453022f490d2459a11819d83ad1d586e9ff65a12ac3e705ffebd46d3685dcf \
    --hash=sha256:c8c69575568085ba0b1b10c0249d779a214aea6f6522e949a0fc9fb0fcb449d0 \
    --hash=sha256:dd31f52ea1086513bb9df30f8fcee9b8918323ae067a3d5b78bc826a000712be \
    --hash=sha256:f53e442b08449d42821fa4a4fba000095af9f62742a500f978a9f557ec44339a \
    --hash=sha256:f81b3b8f3d4e343550fa4baa0e479bba9f2d29ce9c2e9b51d1ce1718d7442fcf
    # via
    #   gevent
    #   pyzmq
charset-normalizer==3.5.1 \
    --hash=sha256:1d1c7a53a6c2103925cdd6d7229f8c567379f211c869793df679f2e9f738c369 \
    --hash=sha256:2f293479cce755c75f1697e87c409b7ae4c555c7dfecb6e988ad13abba943031 \
    --hash=sha256:343fb4f2821043bd87095f7b08a1a181febc8e36ac64212143bbfd0a0e1bc235 \
    --hash=sha256:3588e376b3ea2eea84976f67273d679f229e24c66dce7b82ae45aef04ff6e072 \
    --hash=sha256:36047af20e17097c3bb9476c2b7655f2f7aa51322c0ba58c07695bedf755a950 \
    --hash=sha256:3617ac3cfd8b9888f145ad89dd6e692285834b0201c6074a5eeaad3fd4d668c2 \
    --hash=sha256:41876ee62a3dddf48ff1121ad8f0798032aa03f2fd35f21f34a4cab14f18d8d2 \
    --hash=sha256:4582c27e8c889d64811987b5967fbd3ae0c823fe1fd933b543d55ac20bb475fa \
    --hash=sha256:4abdc5f9ad448c1ecbfae2974b820535d6bc6e7eef63babbab3d81cf46968c71 \
    --hash=sha256:4b599739b93b2cbeded49645ae3c8d1405c29ddfbceac1545c87a3f9580a9e96 \
    --hash=sha256:4c4fb141a727957c93edfe5c32a26ceb6b5f6461d67146e2d39f51e16170bea8 \
    --hash=sha256:5b6d1386bf0096d26d3a863dc0a487a5b4eb9aa93cf5ba69683d29dde6b9d60f \
    --hash=sha256:5d8531a6569d025f68e2321e7638fb7978f23db58e5f69f56913837aae03816e \
    --hash=sha256:6117b84ea48435e5356dc737f5121485c30920ba43375fa7b434fd753df0eac3 \
    --hash=sha256:6df0ec430f9a831772c23ca5a224cba36517a58a84bb32c32bb59a9fa67c47f6 \
    --hash=sha256:70055ff39b97c99e7ae40ea3e393fb62aa2e44dbd9b29f8d14f42fb0025c3959 \
    --hash=sha256:7235dc28fc6dd9d832ac7c7bce95367dedb85929f17368a0c2bee1e080b9acbf \
    --hash=sha256:7c0c10730342b0c9b35dd1d619beb8214e520bd96a1f870f452680b238aab3e0 \
    --hash=sha256:87e4f41d375c0b9be2fb5251aee4b8a689169e134535aed81bf085c3b647451e \
    --hash=sha256:88e85ab89cb822c1e635f51d6d32e488f94e002e70e2f492bdb8b945543f345a \
    --hash=sha256:96fef3e886d6a9874b14f27fc193fbdc69d5d8035783d86aa4e1cea594e695f9 \
    --hash=sha256:a2028475ba855475b8b4d3cfeb4994269c967aea8b9892dfba907f4263a863a3 \
    --hash=sha256:a6dac12ff6b846103483683f60c5f8fee205121adc58ffd87e90a90a3af69e99 \
    --hash=sha256:aae2ee51122d3ae968a3837d97dc24a0aeebb0dea23694422cd172bd30017cd6 \
    --hash=sha256:ae4a097991662cd4fff0ddc74e0fe7874f82e00042fa0ea00855645ed0c79598 \
    --hash=sha256:b39b69b347e5e47a3b5b8cfc005c68c1ba347474e3960236c4944a8ecd174962 \
    --hash=sha256:b9af956078716df40d985fb0dfeb2c2120c5ca92ba4ff4b388acfd01cdc14d08 \
    --hash=sha256:ba501e667c17d8411f98e67a022d9604ef179aff0e459b7e292c796837c13573 \
    --hash=sha256:cee5dd7c6fb5dd52a0fe2a740f9bc6e3593f5f8b1788bde49de02086f30182b2 \
    --hash=sha256:cfa1c0cc3a8f9f53f1243a5a99ac36fd003880199383b37672e86ddda9cb07e2 \
    --hash=sha256:dd732602a7009217f658d5863d12d79d373a4de0eebc111094bcdd3bb8e0a6cc \
    --hash=sha256:e199fb99720074809a7720f1c0b4d919eea8b87e88713e0f8f602f7bef543d9d \
    --hash=sha256:e6621fb2a4988d6e53eedc455e5903e2679f3967b8acb3d639f1b63c14a2e893 \
    --hash=sha256:f9f8405c2c758532c74fed975dbee57be1f31a6e865c031870c79a6ed3212ada
    # via requests
click==8.5.0 \
    --hash=sha256:255bc9599cf7748b4b1a446ccc735421bd08a2ae529a8b88597d3de5664ee360 \
    --hash=sha256:ba0d2089de75ea0310e2dde03160e6ca10009947fb95a182f9b54021bb272e34
    # via flask
colorama==0.4.6 ; sys_platform == 'win32' \
    --hash=sha256:08695f5cb7ed6e0531a20572697297273c47b8cae5a63ffc6d6ed5c201be6e44 \
    --hash=sha256:4f1d9991f5acc0ca119f9d443620b77f9d6b33703e51011c16baf57afb285fc6
    # via pytest
configargparse==1.7.6 \
    --hash=sha256:0dec6f0a0248b2115d549f0607c6f629acf5ae690704f3787c78b42cf076e33b \
    --hash=sha256:e2d2d9afcdb8a8983b3d56bca1997eb38669083fc2266d742bb87ae0c783dd57
    # via locust
flask==3.1.3 \
    --hash=sha256:0ef0e52b8a9cd932855379197dd8f94047b359ca0a78695144304cb45f87c9eb \
    --hash=sha256:f4bcbefc124291925f1a26446da31a5178f9483862233b23c0c96a20701f670c
    # via
    #   flask-cors
    #   flask-login
    #   locust
flask-cors==6.0.5 \
    --hash=sha256:30c5031552cd59f620ac0c8211dac45b345d3b2df310e7721879e4f46ef9c601 \
    --hash=sha256:68fcf75693e961f3af26683b23c4b9a8fb6b64de17d20d0c37b95e8de7ab2ed8
    # via locust
flask-login==0.6.3 \
    --hash=sha256:5e23d14a607ef12806c699590b89d0f0e0d67baeec599d75947bf9c147330333 \
    --hash=sha256:849b25b82a436bf830a054e74214074af59097171562ab10bfa999e6b78aae5d
    # via locust
gevent==26.8.0 \
    --hash=sha256:102087dab60f43f52be74e4be7e42345de27d1968707ded31c785e91d41978b1 \
    --hash=sha256:108614bd47ec714ed93d141965bac8c17e44bbae08e238696da6261f013caa83 \
    --hash=sha256:2d2c9c23cf68e2d4565505f8b5cd31b269259e1fbfb57bcc3d4d1cd34ee274d1 \
    --hash=sha256:67bd80acf2f715ec1e197faff68241dea9499916ffe3783b24c70a1747c99e9c \
    --hash=sha256:8e2be34e41557387a422e78c0124e2b90a4df9f1cc87c891503bf34a95ae1ce5 \
    --hash=sha256:94544a0f5a1d14b711cd630eab0581a53f3ea89370f8963df9ced62ec6552ca9 \
    --hash=sha256:946848924dd80d29184367c0c9a4fc809411d17afbe157128687df8d7d838560 \
    --hash=sha256:96039f41bbde6dcd72559e5ffbd408a04f46774b47d991d4cf032da8fa79e5a0 \
    --hash=sha256:c2730709f8e894c167415e1d3752d63e6ed40f28b60bdb2ba7bdf973fa29296a \
    --hash=sha256:f3f47e7a0c8e73a3c43072fdd997f6cf1e4d1623c43d619185aea9f8037f89ab
    # via
    #   geventhttpclient
    #   locust
geventhttpclient==2.3.9 \
    --hash=sha256:04b8feec69fd662eb46b4f81013206f5a23d179b195cbaf590d4a59f641ed0fc \
    --hash=sha256:0ff40ca5b848f96c6390bd8cc3a4c4598c119be08125cf1c30103201adc00940 \
    --hash=sha256:16807578dc4a175e8d97e6e39d65a10b04b5237a8c55f7a5ef39044e869baeb8 \
    --hash=sha256:2b91fb31523725ddc777c14b444ccedaf2043dcb9af0ede29056a9b8146c79a7 \
    --hash=sha256:39011c8cdd7ef8b6ab07592525f83018cd1504e8133cce5114bfcee5547b9bb5 \
    --hash=sha256:39afb8046fe04358a85956555aa6a1d931710bac386a2fceb5c24bbd4d7c10e7 \
    --hash=sha256:4110273531fc9ac2ec197a44a90d9c7b4266b51a070747368e38213be281d5c2 \
    --hash=sha256:5b542025a0c9905c847d1459e598ccbdcd21dc0dd050cc1d3813ce7e01bd350f \
    --hash=sha256:98f3582a1c9effb56bc2db4f43d382cedd921217a139d5737eeaad3a1e307047 \
    --hash=sha256:c582a6697c82a948d3d42094da941544606a0ebee31fc0aa6731e248eeba0e9b \
    --hash=sha256:c9091db18eeb53626a81e9280d602ae9e29706ee4c1e7a05edc8b07cc632b3fc \
    --hash=sha256:d91139a4fafd77fa985535966d7a6c2e64753f340ab1395508ee83cd8de70c38
    # via locust
greenlet==3.5.5 ; platform_python_implementation == 'CPython' \
    --hash=sha256:12e2ee66c2aba86133f10fd99d6a8856c6d351ffb7be0e4d52ef2cc5fbb705b2 \
    --hash=sha256:147b25a42e5ca5be3d42356e8f608b37af715a1c196e9bf9d1627f3341adfe1d \
    --hash=sha256:1b5ed9162c0c098e0bbc2cf88a94f433c1b8926f831745252e099e5d83e17759 \
    --hash=sha256:27493374cff1d1b7919dc8126547f2aea582737e3046147b434b1e12de56389b \
    --hash=sha256:49520f0c95a48b42cf55414b8e8479beb274ea70431afc33e3f79903c71f4380 \
    --hash=sha256:49ddacd36af37735fab103846f4ee4d18a492dde72730d1699c0c8ebe30d9f18 \
    --hash=sha256:55272212cbc5f43d1d723725ab931f1939969b7e9523882ca58b55061769d053 \
    --hash=sha256:5f1b1ff4828cdc1aba4266aff814085d04a1d07959287219af021b838b265d52 \
    --hash=sha256:655bca754a2ef4efcb0eb48a94d3f4593536d0f3d48f8ed44343c01d16a92f95 \
    --hash=sha256:6ca5d6ae0739e5764f2cfcfaa562ac5a990cbdaedca93251c5e3cf07c362371f \
    --hash=sha256:adb4bae02e91a8e863e48b177e4014bdcac8a6b5e047ea1df687a61534b85e6c
    # via gevent
h11==0.16.0 \
    --hash=sha256:4e35b956cf45792e4caa5885e69fba00bdbc6ffafbfa020300e549b208ee5ff1 \
    --hash=sha256:63cf8bbe7522de3bf65932fda1d9c2772064ffb3dae62d55932da54b31cb6c86
    # via wsproto
idna==3.19 \
    --hash=sha256:5e0811a4383b21dc5838069f801c4fb62113b7447663d2530d2bd6e77b49bf15 \
    --hash=sha256:815e7be7a7806d54abb586dc943addc79e8b2ee16915059658cbeff4b1b43bf4
    # via requests
iniconfig==2.3.0 \
    --hash=sha256:c76315c77db068650d49c5b56314774a7804df16fee4402c1f19d6d15d8c4730 \
    --hash=sha256:f631c04d2c48c52b84d0d0549c99ff3859c98df65b3101406327ecc7d53fbf12
    # via pytest
itsdangerous==2.2.0 \
    --hash=sha256:c6242fc49e35958c8b15141343aa660db5fc54d4f13a1db01a3f5891b98700ef \
    --hash=sha256:e0050c0b7da1eea53ffaf149c0cfbb5c6e2e2b69c4bef22c81fa6eb73e5f6173
    # via flask
jinja2==3.1.6 \
    --hash=sha256:0137fb05990d35f1275a587e9aee6d56da821fc83491a0fb838183be43f66d6d \
    --hash=sha256:85ece4451f492d0c13c5dd7c13a64681a86afae63a5f347908daf103ce6d2f67
    # via flask
locust==2.46.4 \
    --hash=sha256:a5a5daf041bcd807053bfd86d8062740c76530beb47a6e28a43b9701a3effab9 \
    --hash=sha256:e48402a5ae3d3a5821ec38847c282f56cee810ff445bb6f887bc2b09f86f3edf
markupsafe==3.0.3 \
    --hash=sha256:1872df69a4de6aead3491198eaf13810b565bdbeec3ae2dc8780f14458ec73ce \
    --hash=sha256:26a5784ded40c9e318cfc2bdb30fe164bdb8665ded9cd64d500a34fb42067b1c \
    --hash=sha256:35add3b638a5d900e807944a078b51922212fb3dedb01633a8defc4b01a3c85f \
    --hash=sha256:3a7e8ae81ae39e62a41ec302f972ba6ae23a5c5396c8e60113e9066ef893da0d \
    --hash=sha256:722695808f4b6457b320fdc131280796bdceb04ab50fe1795cd540799ebe1698 \
    --hash=sha256:77f0643abe7495da77fb436f50f8dab76dbc6e5fd25d39589a0f1fe6548bfa2b \
    --hash=sha256:83891d0e9fb81a825d9a6d61e3f07550ca70a076484292a70fde82c4b807286f \
    --hash=sha256:94c6f0bb423f739146aec64595853541634bde58b2135f27f61c1ffd1cd4d16a \
    --hash=sha256:be8813b57049a7dc738189df53d69395eba14fb99345e0a5994914a3864c8a4b \
    --hash=sha256:d53197da72cc091b024dd97249dfc7794d6a56530370992a5e1a08983ad9230e \
    --hash=sha256:d6dd0be5b5b189d31db7cda48b91d7e0a9795f31430b7f271219ab30f1d3ac9d \
    --hash=sha256:d88b440e37a16e651bda4c7c2b930eb586fd15ca7406cb39e211fcff3bf3017d
    # via
    #   flask
    #   jinja2
    #   werkzeug
msgpack==1.2.2 \
    --hash=sha256:0a652ceeededf71d3fa40c303a02a149d42338d310162367b91c539d4bd6e0a3 \
    --hash=sha256:0e3315de5a4b2920ccef48d96b4448025e064a10d0f5a250f6584477d839c8d4 \
    --hash=sha256:0e91332144f69bc3018c91232fac26da580ef748fb8eaddd7914d4458001cc4f \
    --hash=sha256:3e915d390d7068b257ca8b62f3fc59fad135c8631d1017ab03b0b924b07c5367 \
    --hash=sha256:4a4348705be86e029d04e741cf9ed0dfe03e942d7d3b92e838fa80d3aa2c3ebc \
    --hash=sha256:4b554d8164ebb526892194f71dcd96ef1fefe0c250087498785d3ffc04a80be3 \
    --hash=sha256:59d5b93efa45fd09f620d0c9ba81cde339a2c9937af3eea42ee9653094ce6640 \
    --hash=sha256:77c2e018417dc1d66f235e383877ee885b60ade9d29e494dd581e08af2cb1923 \
    --hash=sha256:90986cc9aab9d7d1d8f38bcbf65d3f7ac83bdd90c35765db7d691b4829698cba \
    --hash=sha256:9eb0b0e602064527a045ea28c4f174ed69383587e29cebe28947e3b84106eb2a \
    --hash=sha256:b68614fba0570349833b7dd999ff0aed4e5cc8d9eb6e3a7d4527be33c65e33d3 \
    --hash=sha256:c522420d78db2431887d45b518e304d86e27b9ad0b30f24e3806a6ad5d8bdbfc
    # via locust
packaging==26.3 \
    --hash=sha256:94edc256424af38762eb31306eed28beb9f0efc50a8837492c9d6fd6004aed79 \
    --hash=sha256:d7193f7c8e4e93f444fde0262bf90af30e16fa0ad0ad44cb553c87339b23cd1c
    # via pytest
pluggy==1.6.0 \
    --hash=sha256:7dcc130b76258d33b90f61b658791dede3486c3e6bfb003ee5c9bfb396dd22f3 \
    --hash=sha256:e920276dd6813095e9377c0bc5566d94c932c33b27a3e3945d8389c374dd4746
    # via pytest
psutil==7.2.2 \
    --hash=sha256:0746f5f8d406af344fd547f1c8daa5f5c33dbc293bb8d6a16d80b4bb88f59372 \
    --hash=sha256:076a2d2f923fd4821644f5ba89f059523da90dc9014e85f8e45a5774ca5bc6f9 \
    --hash=sha256:1a7b04c10f32cc88ab39cbf606e117fd74721c831c98a27dc04578deb0c16979 \
    --hash=sha256:8c233660f575a5a89e6d4cb65d9f938126312bca76d8fe087b947b3a1aaac9ee \
    --hash=sha256:b0726cecd84f9474419d67252add4ac0cd9811b04d61123054b9fb6f57df6e9e \
    --hash=sha256:b58fabe35e80b264a4e3bb23e6b96f9e45a3df7fb7eed419ac0e5947c61e47cc \
    --hash=sha256:eb7e81434c8d223ec4a219b5fc1c47d0417b12be7ea866e24fb5ad6e84b3d988 \
    --hash=sha256:ed0cace939114f62738d808fdcecd4c869222507e266e574799e9c0faa17d486 \
    --hash=sha256:fd04ef36b4a6d599bbdb225dd1d3f51e00105f6d48a28f006da7f9822f2606d8
    # via locust
pycparser==3.0 ; (implementation_name == 'pypy' and platform_python_implementation != 'CPython') or (implementation_name != 'PyPy' and platform_python_implementation == 'CPython' and sys_platform == 'win32') or (implementation_name == 'pypy' and sys_platform != 'win32') \
    --hash=sha256:600f49d217304a5902ac3c37e1281c9fe94e4d0489de643a9504c5cdfdfc6b29 \
    --hash=sha256:b727414169a36b7d524c1c3e31839a521725078d7b2ff038656844266160a992
    # via cffi
pygments==2.21.0 \
    --hash=sha256:2363c69b61c4a97c838da3b130dcd6468f4848992b21a82f2a63ec34377137d9 \
    --hash=sha256:610ca751c9bc2492b38eb9a38a7fbc93edbbb2d7182edaf34e66ae493dee5c8c
    # via pytest
pytest==9.1.1 \
    --hash=sha256:1088fbde8f2b49d95a549a195707afa7a76a3ce9bcadc26b6d71f0ffda5fe313 \
    --hash=sha256:37a86b45efb9a47a61a36449063e8e18d0cab3161329fc099eb21783169c4f0c
    # via locust
python-engineio==4.14.0 \
    --hash=sha256:9f0fe275fb7d67bfc1a632421adf22949fd4843bd9c458c004b0a89cede302a2 \
    --hash=sha256:eaa1e386baf9c2c7959eef7f9d9165c5ea910c5b392f5316e78d29ed073cb43d
    # via
    #   locust
    #   python-socketio
python-socketio==5.16.4 \
    --hash=sha256:0eb9c7687e7fbf59e60d714fd62afba77dfaf8ef8a06a0bff05a86c351accc2f \
    --hash=sha256:f7fa4a43cc8e687930b5c6e44d6e2efc2071eca4bef49b8bb3dc0827f7f92235
    # via locust
pywin32==312 ; sys_platform == 'win32' \
    --hash=sha256:6017c58e12f6809fbb0555b75df144c2922a9ffd18e4b9b5afa863b6c1a9d950 \
    --hash=sha256:b457f6d628a47e8a7346ce22acb7e1a46a4a78b52e1d17e1af56871bd19a93bc \
    --hash=sha256:dab4f65ac9c4e48400a2a0530c46c3c579cd5905ecd11b80692373915269208b
    # via locust
pyzmq==27.2.0 \
    --hash=sha256:00e73942ef12cecbc7951c4a9104bb8ffaed742abb13af2da6833d90dd368cef \
    --hash=sha256:1f8079d0521fe94bbb401fe9407578b28f3701627c8be2c9f7e0c5b77dcb0109 \
    --hash=sha256:2c218c6ab8bc447ba62054b581fd30209689d199c6ecb253f79615ca74a38e12 \
    --hash=sha256:348d6fd3e4b81ae4580622ea8c2ea60224e84b2ac1b3be4482e6edc7de06e7a3 \
    --hash=sha256:54d4259d1bfae24ecdb5ca79f7acc2eac6c286a02d6a0ae617797cb45f0726d3 \
    --hash=sha256:591c8de5851c5ea372194469fe97587b97c3b641e9a70f31bb3474acbfde0241 \
    --hash=sha256:b8d5f66e4a8246cf77f7b8f7902af64f00553368fa0373c89d99b78f0ad79394 \
    --hash=sha256:d1526b42a2e725b84ed226f37becedc250c6347594e5ed304e4e9aff68c9aec3 \
    --hash=sha256:dcc99ca132b667a4ed750afd42db4ea73288f18425a9b2e3c0af095665c491f5 \
    --hash=sha256:dea74fd65f1fc5f7fe167916a473ebe6ed6174e5e5d9de11ea6583661be6cf43 \
    --hash=sha256:f707bcf2c1d007d14d70531d4dd7b41060881c73efa845580bf6faaf9ea24d42 \
    --hash=sha256:fdaaa4ea3242f6ad298eb5177eb042aea5c73c30e76d20caee7b15af20d24ec2
    # via locust
requests==2.34.2 \
    --hash=sha256:2a0d60c172f83ac6ab31e4554906c0f3b3588d37b5cb939b1c061f4907e278e0 \
    --hash=sha256:f288924cae4e29463698d6d60bc6a4da69c89185ad1e0bcc4104f584e960b9ed
    # via
    #   locust
    #   python-socketio
simple-websocket==1.1.0 \
    --hash=sha256:4af6069630a38ed6c561010f0e11a5bc0d4ca569b36306eb257cd9a192497c8c \
    --hash=sha256:7939234e7aa067c534abdab3a9ed933ec9ce4691b0713c78acb195560aa52ae4
    # via python-engineio
urllib3==2.3.0 \
    --hash=sha256:1cee9ad369867bfdbbb48b7dd50374c0967a0bb7710050facf0dd6911440e3df \
    --hash=sha256:f8c5449b3cf0861679ce7e0503c7b44b5ec981bec0d1d3795a07f1ba96f0204d
    # via
    #   geventhttpclient
    #   requests
websocket-client==1.9.2 \
    --hash=sha256:0fcb57545848be86992e128218fd96dd87a6769ffdb1a968dff79632b85604d0 \
    --hash=sha256:e1a673830a9c7bfa47b1cd3d5e4178f4c9651d80a4eab02c9c23a1c3ec6250ce
    # via python-socketio
werkzeug==3.1.8 \
    --hash=sha256:63a77fb8892bf28ebc3178683445222aa500e48ebad5ec77b0ad80f8726b1f50 \
    --hash=sha256:9bad61a4268dac112f1c5cd4630a56ede601b6ed420300677a869083d70a4c44
    # via
    #   flask
    #   flask-cors
    #   flask-login
    #   locust
wsproto==1.3.2 \
    --hash=sha256:61eea322cdf56e8cc904bd3ad7573359a242ba65688716b0710a5eb12beab584 \
    --hash=sha256:b86885dcf294e15204919950f666e06ffc6c7c114ca900b060d6e16293528294
    # via simple-websocket
zope-event==6.2 \
    --hash=sha256:5e755153ac4faf64c10a4b6dd3307680166a3edf65b38df22df592610f8fa874 \
    --hash=sha256:b97d5d6327067ee6b9dfcbdf606ade9ade70991e19c162e808ea39e5fcf0f8d3
    # via gevent
zope-interface==8.6 \
    --hash=sha256:192bb756a8f62395b4fe47cbb853c171f20389d5226fbfa97128bb2f76abad8d \
    --hash=sha256:28b68c24131545c1d13fd2178bbd065e67f09db885d8426adf1fbdf2b6b66372 \
    --hash=sha256:64ed939d725876071823505b1c90074a86847a6e9be8617cec7ba759e0b86a7e \
    --hash=sha256:780a66db884c0e2b0e6b34b4900f86916945a7c03d3be40ec845b051fcc052cd \
    --hash=sha256:9217b1123f6aeec9ddf1789bffd83da3123546d551c164a99f862a5d1f5ac0f8 \
    --hash=sha256:a38b221cc649a2daacaff9d629a2ba9c4a8967669d253f9a6a597f46d46732f0 \
    --hash=sha256:b08808d1196810f76928ad13d37dae18d92b1c9485c113628f41dbd6351413de \
    --hash=sha256:b40ef9b4873afb5d0dec02b8d2dfde1cf18c72337b60c99cb735961e0bac05c0
    # via gevent
